
Microsoft Visual Studio Solution File, Format Version 12.00
# Visual Studio Version 16
VisualStudioVersion = 16.0.29009.5
MinimumVisualStudioVersion = 10.0.40219.1
Project("{9A19103F-16F7-4668-BE54-9A1E7A4F7556}") = "Somfic.Database", "Somfic.Database\Somfic.Database.csproj", "{62B23981-4FA2-4EF7-AF09-1CD5282B5BDB}"
EndProject
Project("{9A19103F-16F7-4668-BE54-9A1E7A4F7556}") = "Somfic.Logging", "Somfic.Logging\Somfic.Logging.csproj", "{E7D2A59C-C565-4AF3-8401-48D148ED46A8}"
EndProject
Project("{9A19103F-16F7-4668-BE54-9A1E7A4F7556}") = "Somfic.Database.MySql", "Somfic.Database.MySql\Somfic.Database.MySql.csproj", "{17AEC59B-9B20-4B79-9169-8B6E2F812FC5}"
EndProject
Project("{9A19103F-16F7-4668-BE54-9A1E7A4F7556}") = "Somfic.Logging.Console", "Somfic.Logging.Console\Somfic.Logging.Console.csproj", "{BC46F4CE-FFAD-487C-BDBD-78063365EBEF}"
EndProject
Project("{9A19103F-16F7-4668-BE54-9A1E7A4F7556}") = "Somfic", "Somfic\Somfic.csproj", "{2F63D03A-4318-4727-9B94-F131DAE07E67}"
EndProject
Project("{9A19103F-16F7-4668-BE54-9A1E7A4F7556}") = "Somfic.Http", "Somfic.Http\Somfic.Http.csproj", "{ADFCA245-A08A-4E37-9EC3-96F849D48E6A}"
EndProject
Project("{2150E333-8FDC-42A3-9474-1A3956D46DE8}") = "Logging", "Logging", "{C7061F3F-3EFB-440D-842E-CFBA7C76511B}"
EndProject
Project("{2150E333-8FDC-42A3-9474-1A3956D46DE8}") = "Database", "Database", "{8A1F38CE-8981-470A-805D-61A1A5C9C00D}"
EndProject
Project("{2150E333-8FDC-42A3-9474-1A3956D46DE8}") = "HTTP", "HTTP", "{C411CF6E-E095-404D-875A-F50365A23F25}"
EndProject
Project("{2150E333-8FDC-42A3-9474-1A3956D46DE8}") = "Tests", "Tests", "{8BB70395-ED28-4703-9A8C-1B7A60267821}"
EndProject
Project("{9A19103F-16F7-4668-BE54-9A1E7A4F7556}") = "Somfic.Database.Tests", "Somfic.Database.Tests\Somfic.Database.Tests.csproj", "{D576CD4F-345C-45A2-8F10-6A4ACD7DD97A}"
EndProject
Project("{2150E333-8FDC-42A3-9474-1A3956D46DE8}") = "Tests", "Tests", "{06841BC9-E286-40EA-A110-51A144F3855A}"
EndProject
Project("{9A19103F-16F7-4668-BE54-9A1E7A4F7556}") = "Somfic.Logging.Tests", "Somfic.Logging.Tests\Somfic.Logging.Tests.csproj", "{FFDAA3A8-0504-4A14-BBF4-7ED4D43F0290}"
EndProject
Project("{9A19103F-16F7-4668-BE54-9A1E7A4F7556}") = "Somfic.Logging.File", "Somfic.Logging.File\Somfic.Logging.File.csproj", "{B8B6DD34-5D7B-45CC-9B03-6C612A24E429}"
EndProject
Project("{2150E333-8FDC-42A3-9474-1A3956D46DE8}") = "GUI", "GUI", "{790E541F-F0AD-4994-93E3-7F93D14F6A1B}"
EndProject
Project("{9A19103F-16F7-4668-BE54-9A1E7A4F7556}") = "Somfic.Gui.Console", "Somfic.Gui.Console\Somfic.Gui.Console.csproj", "{4709339F-F0D4-4049-9CEB-5F12BDF6CFCB}"
EndProject
Project("{FAE04EC0-301F-11D3-BF4B-00C04F79EFBC}") = "Somfic.Database.Sql", "Somfic.Database.Sql\Somfic.Database.Sql.csproj", "{66ABE3EA-B875-443C-8FC2-53BBE338099D}"
EndProject
Global
	GlobalSection(SolutionConfigurationPlatforms) = preSolution
		Debug|Any CPU = Debug|Any CPU
		Release|Any CPU = Release|Any CPU
	EndGlobalSection
	GlobalSection(ProjectConfigurationPlatforms) = postSolution
		{62B23981-4FA2-4EF7-AF09-1CD5282B5BDB}.Debug|Any CPU.ActiveCfg = Debug|Any CPU
		{62B23981-4FA2-4EF7-AF09-1CD5282B5BDB}.Debug|Any CPU.Build.0 = Debug|Any CPU
		{62B23981-4FA2-4EF7-AF09-1CD5282B5BDB}.Release|Any CPU.ActiveCfg = Release|Any CPU
		{62B23981-4FA2-4EF7-AF09-1CD5282B5BDB}.Release|Any CPU.Build.0 = Release|Any CPU
		{E7D2A59C-C565-4AF3-8401-48D148ED46A8}.Debug|Any CPU.ActiveCfg = Debug|Any CPU
		{E7D2A59C-C565-4AF3-8401-48D148ED46A8}.Debug|Any CPU.Build.0 = Debug|Any CPU
		{E7D2A59C-C565-4AF3-8401-48D148ED46A8}.Release|Any CPU.ActiveCfg = Release|Any CPU
		{E7D2A59C-C565-4AF3-8401-48D148ED46A8}.Release|Any CPU.Build.0 = Release|Any CPU
		{17AEC59B-9B20-4B79-9169-8B6E2F812FC5}.Debug|Any CPU.ActiveCfg = Debug|Any CPU
		{17AEC59B-9B20-4B79-9169-8B6E2F812FC5}.Debug|Any CPU.Build.0 = Debug|Any CPU
		{17AEC59B-9B20-4B79-9169-8B6E2F812FC5}.Release|Any CPU.ActiveCfg = Release|Any CPU
		{17AEC59B-9B20-4B79-9169-8B6E2F812FC5}.Release|Any CPU.Build.0 = Release|Any CPU
		{BC46F4CE-FFAD-487C-BDBD-78063365EBEF}.Debug|Any CPU.ActiveCfg = Debug|Any CPU
		{BC46F4CE-FFAD-487C-BDBD-78063365EBEF}.Debug|Any CPU.Build.0 = Debug|Any CPU
		{BC46F4CE-FFAD-487C-BDBD-78063365EBEF}.Release|Any CPU.ActiveCfg = Release|Any CPU
		{BC46F4CE-FFAD-487C-BDBD-78063365EBEF}.Release|Any CPU.Build.0 = Release|Any CPU
		{2F63D03A-4318-4727-9B94-F131DAE07E67}.Debug|Any CPU.ActiveCfg = Debug|Any CPU
		{2F63D03A-4318-4727-9B94-F131DAE07E67}.Debug|Any CPU.Build.0 = Debug|Any CPU
		{2F63D03A-4318-4727-9B94-F131DAE07E67}.Release|Any CPU.ActiveCfg = Release|Any CPU
		{2F63D03A-4318-4727-9B94-F131DAE07E67}.Release|Any CPU.Build.0 = Release|Any CPU
		{ADFCA245-A08A-4E37-9EC3-96F849D48E6A}.Debug|Any CPU.ActiveCfg = Debug|Any CPU
		{ADFCA245-A08A-4E37-9EC3-96F849D48E6A}.Debug|Any CPU.Build.0 = Debug|Any CPU
		{ADFCA245-A08A-4E37-9EC3-96F849D48E6A}.Release|Any CPU.ActiveCfg = Release|Any CPU
		{ADFCA245-A08A-4E37-9EC3-96F849D48E6A}.Release|Any CPU.Build.0 = Release|Any CPU
		{D576CD4F-345C-45A2-8F10-6A4ACD7DD97A}.Debug|Any CPU.ActiveCfg = Debug|Any CPU
		{D576CD4F-345C-45A2-8F10-6A4ACD7DD97A}.Debug|Any CPU.Build.0 = Debug|Any CPU
		{D576CD4F-345C-45A2-8F10-6A4ACD7DD97A}.Release|Any CPU.ActiveCfg = Release|Any CPU
		{D576CD4F-345C-45A2-8F10-6A4ACD7DD97A}.Release|Any CPU.Build.0 = Release|Any CPU
		{FFDAA3A8-0504-4A14-BBF4-7ED4D43F0290}.Debug|Any CPU.ActiveCfg = Debug|Any CPU
		{FFDAA3A8-0504-4A14-BBF4-7ED4D43F0290}.Debug|Any CPU.Build.0 = Debug|Any CPU
		{FFDAA3A8-0504-4A14-BBF4-7ED4D43F0290}.Release|Any CPU.ActiveCfg = Release|Any CPU
		{FFDAA3A8-0504-4A14-BBF4-7ED4D43F0290}.Release|Any CPU.Build.0 = Release|Any CPU
		{B8B6DD34-5D7B-45CC-9B03-6C612A24E429}.Debug|Any CPU.ActiveCfg = Debug|Any CPU
		{B8B6DD34-5D7B-45CC-9B03-6C612A24E429}.Debug|Any CPU.Build.0 = Debug|Any CPU
		{B8B6DD34-5D7B-45CC-9B03-6C612A24E429}.Release|Any CPU.ActiveCfg = Release|Any CPU
		{B8B6DD34-5D7B-45CC-9B03-6C612A24E429}.Release|Any CPU.Build.0 = Release|Any CPU
		{4709339F-F0D4-4049-9CEB-5F12BDF6CFCB}.Debug|Any CPU.ActiveCfg = Debug|Any CPU
		{4709339F-F0D4-4049-9CEB-5F12BDF6CFCB}.Debug|Any CPU.Build.0 = Debug|Any CPU
		{4709339F-F0D4-4049-9CEB-5F12BDF6CFCB}.Release|Any CPU.ActiveCfg = Release|Any CPU
		{4709339F-F0D4-4049-9CEB-5F12BDF6CFCB}.Release|Any CPU.Build.0 = Release|Any CPU
		{66ABE3EA-B875-443C-8FC2-53BBE338099D}.Debug|Any CPU.ActiveCfg = Debug|Any CPU
		{66ABE3EA-B875-443C-8FC2-53BBE338099D}.Debug|Any CPU.Build.0 = Debug|Any CPU
		{66ABE3EA-B875-443C-8FC2-53BBE338099D}.Release|Any CPU.ActiveCfg = Release|Any CPU
		{66ABE3EA-B875-443C-8FC2-53BBE338099D}.Release|Any CPU.Build.0 = Release|Any CPU
	EndGlobalSection
	GlobalSection(SolutionProperties) = preSolution
		HideSolutionNode = FALSE
	EndGlobalSection
	GlobalSection(NestedProjects) = preSolution
		{62B23981-4FA2-4EF7-AF09-1CD5282B5BDB} = {8A1F38CE-8981-470A-805D-61A1A5C9C00D}
		{E7D2A59C-C565-4AF3-8401-48D148ED46A8} = {C7061F3F-3EFB-440D-842E-CFBA7C76511B}
		{17AEC59B-9B20-4B79-9169-8B6E2F812FC5} = {8A1F38CE-8981-470A-805D-61A1A5C9C00D}
		{BC46F4CE-FFAD-487C-BDBD-78063365EBEF} = {C7061F3F-3EFB-440D-842E-CFBA7C76511B}
		{ADFCA245-A08A-4E37-9EC3-96F849D48E6A} = {C411CF6E-E095-404D-875A-F50365A23F25}
		{8BB70395-ED28-4703-9A8C-1B7A60267821} = {8A1F38CE-8981-470A-805D-61A1A5C9C00D}
		{D576CD4F-345C-45A2-8F10-6A4ACD7DD97A} = {8BB70395-ED28-4703-9A8C-1B7A60267821}
		{06841BC9-E286-40EA-A110-51A144F3855A} = {C7061F3F-3EFB-440D-842E-CFBA7C76511B}
		{FFDAA3A8-0504-4A14-BBF4-7ED4D43F0290} = {06841BC9-E286-40EA-A110-51A144F3855A}
		{B8B6DD34-5D7B-45CC-9B03-6C612A24E429} = {C7061F3F-3EFB-440D-842E-CFBA7C76511B}
		{4709339F-F0D4-4049-9CEB-5F12BDF6CFCB} = {790E541F-F0AD-4994-93E3-7F93D14F6A1B}
		{66ABE3EA-B875-443C-8FC2-53BBE338099D} = {8A1F38CE-8981-470A-805D-61A1A5C9C00D}
	EndGlobalSection
	GlobalSection(ExtensibilityGlobals) = postSolution
		SolutionGuid = {9855E1DC-3865-41BD-B88D-ADAC772BB248}
	EndGlobalSection
EndGlobal
